PODS:
  - Masonry (1.1.0)
  - TKMAccountModule (0.1.4):
    - TKMAccountModule/Core (= 0.1.4)
  - TKMAccountModule/Core (0.1.4):
    - Masonry
    - TKMAccountModule/Interface
    - TKMAccountModule/SourceMode
    - TKMInfoManager
    - TKModule
    - TKMResourceManager
  - TKMAccountModule/Interface (0.1.4)
  - TKMAccountModule/SourceMode (0.1.4)
  - TKMInfoManager (0.1.2):
    - TKMInfoManager/Core (= 0.1.2)
  - TKMInfoManager/Core (0.1.2):
    - TKMInfoManager/SourceMode
    - TKMRequest
  - TKMInfoManager/SourceMode (0.1.2)
  - TKMInitializeModule (0.1.5):
    - TKMInitializeModule/Core (= 0.1.5)
  - TKMInitializeModule/Core (0.1.5):
    - TKMInfoManager
    - TKMInitializeModule/Interface
    - TKMInitializeModule/SourceMode
    - TKModule
    - TKMResourceManager
  - TKMInitializeModule/Interface (0.1.5)
  - TKMInitializeModule/SourceMode (0.1.5)
  - TKModule (0.1.2):
    - TKModule/Core (= 0.1.2)
  - TKModule/Core (0.1.2):
    - TKModule/SourceMode
  - TKModule/SourceMode (0.1.2)
  - TKMRequest (0.1.1):
    - TKMRequest/Core (= 0.1.1)
  - TKMRequest/Core (0.1.1):
    - TKMRequest/SourceMode
  - TKMRequest/SourceMode (0.1.1)
  - TKMResourceManager (0.1.1):
    - TKMResourceManager/Core (= 0.1.1)
  - TKMResourceManager/Core (0.1.1):
    - TKMResourceManager/SourceMode
  - TKMResourceManager/SourceMode (0.1.1)

DEPENDENCIES:
  - TKMAccountModule (from `../`)
  - TKMInitializeModule

SPEC REPOS:
  https://github.com/TokiPods/specs.git:
    - TKMInfoManager
    - TKMInitializeModule
    - TKModule
    - TKMRequest
    - TKMResourceManager
  https://mirrors.bfsu.edu.cn/git/CocoaPods/Specs.git:
    - Masonry

EXTERNAL SOURCES:
  TKMAccountModule:
    :path: "../"

SPEC CHECKSUMS:
  Masonry: 678fab65091a9290e40e2832a55e7ab731aad201
  TKMAccountModule: a6ced41704ba9bf820da7d6ccf3bcc535499bee7
  TKMInfoManager: a50da3fb65c06585bcc9d5dbaf23cbd5fa18a841
  TKMInitializeModule: e31cf30e88f99e4b32babf26037e35a14c624763
  TKModule: ebabe7fe5ba86ff3647d620d79b5285afd810bc1
  TKMRequest: 3a4f1e31de13cbbe79af9fc26a403794c74a4d37
  TKMResourceManager: 04897146ebd311971f484439d1af06f8f2771d35

PODFILE CHECKSUM: c676bfe8cc6cb75c0774e9435b7f7fff069c954a

COCOAPODS: 1.10.1
